
Microsoft Visual Studio Solution File, Format Version 12.00
# Visual Studio 14
VisualStudioVersion = 14.0.24720.0
MinimumVisualStudioVersion = 10.0.40219.1
Project("{FAE04EC0-301F-11D3-BF4B-00C04F79EFBC}") = "Typed.Xaml", "src\Typed.Xaml\Typed.Xaml.csproj", "{5E1C6142-9DD8-4DCF-AE8E-310BD94C23CE}"
EndProject
Global
	GlobalSection(SolutionConfigurationPlatforms) = preSolution
		Debug|Net45 = Debug|Net45
		Debug|Profile32 = Debug|Profile32
		Release|Net45 = Release|Net45
		Release|Profile32 = Release|Profile32
	EndGlobalSection
	GlobalSection(ProjectConfigurationPlatforms) = postSolution
	EndGlobalSection
	GlobalSection(SolutionProperties) = preSolution
		HideSolutionNode = FALSE
	EndGlobalSection
EndGlobal
