
Microsoft Visual Studio Solution File, Format Version 12.00
# Visual Studio 14
VisualStudioVersion = 14.0.24720.0
MinimumVisualStudioVersion = 10.0.40219.1
Project("{FAE04EC0-301F-11D3-BF4B-00C04F79EFBC}") = "Typed.Xaml.Wpf", "src\Typed.Xaml.Wpf\Typed.Xaml.Wpf.csproj", "{9AB1CA5B-A247-41A3-8A13-8E81767AF47F}"
EndProject
Project("{FAE04EC0-301F-11D3-BF4B-00C04F79EFBC}") = "Typed.Xaml.Uwp", "src\Typed.Xaml.Uwp\Typed.Xaml.Uwp.csproj", "{3AC10046-9C4A-4916-9E0E-6562C0C358CC}"
EndProject
Global
	GlobalSection(SolutionConfigurationPlatforms) = preSolution
		Debug|Any CPU = Debug|Any CPU
		Release|Any CPU = Release|Any CPU
	EndGlobalSection
	GlobalSection(ProjectConfigurationPlatforms) = postSolution
		{9AB1CA5B-A247-41A3-8A13-8E81767AF47F}.Debug|Any CPU.ActiveCfg = Debug|Any CPU
		{9AB1CA5B-A247-41A3-8A13-8E81767AF47F}.Debug|Any CPU.Build.0 = Debug|Any CPU
		{9AB1CA5B-A247-41A3-8A13-8E81767AF47F}.Release|Any CPU.ActiveCfg = Release|Any CPU
		{9AB1CA5B-A247-41A3-8A13-8E81767AF47F}.Release|Any CPU.Build.0 = Release|Any CPU
		{3AC10046-9C4A-4916-9E0E-6562C0C358CC}.Debug|Any CPU.ActiveCfg = Debug|Any CPU
		{3AC10046-9C4A-4916-9E0E-6562C0C358CC}.Debug|Any CPU.Build.0 = Debug|Any CPU
		{3AC10046-9C4A-4916-9E0E-6562C0C358CC}.Release|Any CPU.ActiveCfg = Release|Any CPU
		{3AC10046-9C4A-4916-9E0E-6562C0C358CC}.Release|Any CPU.Build.0 = Release|Any CPU
	EndGlobalSection
	GlobalSection(SolutionProperties) = preSolution
		HideSolutionNode = FALSE
	EndGlobalSection
EndGlobal
